
Microsoft Visual Studio Solution File, Format Version 12.00
# Visual Studio Version 17
VisualStudioVersion = 17.1.32210.238
MinimumVisualStudioVersion = 10.0.40219.1
Project("{9A19103F-16F7-4668-BE54-9A1E7A4F7556}") = "1_Core", "Core\1_Core.csproj", "{1F7E38D6-8AC8-411A-8ABF-7C64744731D6}"
EndProject
Project("{9A19103F-16F7-4668-BE54-9A1E7A4F7556}") = "3_Application", "Application\3_Application.csproj", "{F375F377-8FA7-4D4E-A560-F1A3BB734BA0}"
EndProject
Project("{9A19103F-16F7-4668-BE54-9A1E7A4F7556}") = "2_Infrastructure", "Infraestructure\2_Infrastructure.csproj", "{D55E300B-65EB-4E99-B726-1FE13FA47193}"
EndProject
Project("{9A19103F-16F7-4668-BE54-9A1E7A4F7556}") = "4_API", "API\4_API.csproj", "{072A55C6-68E7-47E2-A819-9195FEAD15F3}"
EndProject
Project("{9A19103F-16F7-4668-BE54-9A1E7A4F7556}") = "4_API_Sharepoint", "WebAPI\4_API_Sharepoint.csproj", "{F4340239-00A4-4192-AD0E-84A3734B1562}"
EndProject
Project("{9A19103F-16F7-4668-BE54-9A1E7A4F7556}") = "BlazorApp2", "BlazorApp2\BlazorApp2.csproj", "{38344BA6-176B-41B6-8D15-A3804303B35F}"
EndProject
Project("{2150E333-8FDC-42A3-9474-1A3956D46DE8}") = "Otros", "Otros", "{FF5DE84E-A6D6-4D11-8F4E-6D9C9DA8E2DB}"
	ProjectSection(SolutionItems) = preProject
		..\..\..\..\Desktop\CreateDBScript.sql = ..\..\..\..\Desktop\CreateDBScript.sql
		..\..\..\..\Desktop\DB_script_11_05_2022.sql = ..\..\..\..\Desktop\DB_script_11_05_2022.sql
		..\..\..\..\Desktop\ScriptDB.sql = ..\..\..\..\Desktop\ScriptDB.sql
	EndProjectSection
EndProject
Global
	GlobalSection(SolutionConfigurationPlatforms) = preSolution
		Debug|Any CPU = Debug|Any CPU
		Release|Any CPU = Release|Any CPU
	EndGlobalSection
	GlobalSection(ProjectConfigurationPlatforms) = postSolution
		{1F7E38D6-8AC8-411A-8ABF-7C64744731D6}.Debug|Any CPU.ActiveCfg = Debug|Any CPU
		{1F7E38D6-8AC8-411A-8ABF-7C64744731D6}.Debug|Any CPU.Build.0 = Debug|Any CPU
		{1F7E38D6-8AC8-411A-8ABF-7C64744731D6}.Release|Any CPU.ActiveCfg = Release|Any CPU
		{1F7E38D6-8AC8-411A-8ABF-7C64744731D6}.Release|Any CPU.Build.0 = Release|Any CPU
		{F375F377-8FA7-4D4E-A560-F1A3BB734BA0}.Debug|Any CPU.ActiveCfg = Debug|Any CPU
		{F375F377-8FA7-4D4E-A560-F1A3BB734BA0}.Debug|Any CPU.Build.0 = Debug|Any CPU
		{F375F377-8FA7-4D4E-A560-F1A3BB734BA0}.Release|Any CPU.ActiveCfg = Release|Any CPU
		{F375F377-8FA7-4D4E-A560-F1A3BB734BA0}.Release|Any CPU.Build.0 = Release|Any CPU
		{D55E300B-65EB-4E99-B726-1FE13FA47193}.Debug|Any CPU.ActiveCfg = Debug|Any CPU
		{D55E300B-65EB-4E99-B726-1FE13FA47193}.Debug|Any CPU.Build.0 = Debug|Any CPU
		{D55E300B-65EB-4E99-B726-1FE13FA47193}.Release|Any CPU.ActiveCfg = Release|Any CPU
		{D55E300B-65EB-4E99-B726-1FE13FA47193}.Release|Any CPU.Build.0 = Release|Any CPU
		{072A55C6-68E7-47E2-A819-9195FEAD15F3}.Debug|Any CPU.ActiveCfg = Debug|Any CPU
		{072A55C6-68E7-47E2-A819-9195FEAD15F3}.Debug|Any CPU.Build.0 = Debug|Any CPU
		{072A55C6-68E7-47E2-A819-9195FEAD15F3}.Release|Any CPU.ActiveCfg = Release|Any CPU
		{072A55C6-68E7-47E2-A819-9195FEAD15F3}.Release|Any CPU.Build.0 = Release|Any CPU
		{F4340239-00A4-4192-AD0E-84A3734B1562}.Debug|Any CPU.ActiveCfg = Debug|Any CPU
		{F4340239-00A4-4192-AD0E-84A3734B1562}.Debug|Any CPU.Build.0 = Debug|Any CPU
		{F4340239-00A4-4192-AD0E-84A3734B1562}.Release|Any CPU.ActiveCfg = Release|Any CPU
		{F4340239-00A4-4192-AD0E-84A3734B1562}.Release|Any CPU.Build.0 = Release|Any CPU
		{38344BA6-176B-41B6-8D15-A3804303B35F}.Debug|Any CPU.ActiveCfg = Debug|Any CPU
		{38344BA6-176B-41B6-8D15-A3804303B35F}.Debug|Any CPU.Build.0 = Debug|Any CPU
		{38344BA6-176B-41B6-8D15-A3804303B35F}.Release|Any CPU.ActiveCfg = Release|Any CPU
		{38344BA6-176B-41B6-8D15-A3804303B35F}.Release|Any CPU.Build.0 = Release|Any CPU
	EndGlobalSection
	GlobalSection(SolutionProperties) = preSolution
		HideSolutionNode = FALSE
	EndGlobalSection
	GlobalSection(ExtensibilityGlobals) = postSolution
		SolutionGuid = {A94F67E9-BF86-4ED1-ABB6-BB62243EB529}
	EndGlobalSection
EndGlobal
